// !$*UTF8*$!
{
	archiveVersion = 1;
	classes = {
	};
	objectVersion = 50;
	objects = {

/* Begin PBXBuildFile section */
		BF0627902548559800D6F752 /* AppDelegate.swift in Sources */ = {isa = PBXBuildFile; fileRef = BF06278F2548559800D6F752 /* AppDelegate.swift */; };
		BF0627922548559800D6F752 /* SceneDelegate.swift in Sources */ = {isa = PBXBuildFile; fileRef = BF0627912548559800D6F752 /* SceneDelegate.swift */; };
		BF0627942548559800D6F752 /* ContentView.swift in Sources */ = {isa = PBXBuildFile; fileRef = BF0627932548559800D6F752 /* ContentView.swift */; };
		BF0627962548559A00D6F752 /* Assets.xcassets in Resources */ = {isa = PBXBuildFile; fileRef = BF0627952548559A00D6F752 /* Assets.xcassets */; };
		BF0627992548559A00D6F752 /* Preview Assets.xcassets in Resources */ = {isa = PBXBuildFile; fileRef = BF0627982548559A00D6F752 /* Preview Assets.xcassets */; };
		BF06279C2548559A00D6F752 /* LaunchScreen.storyboard in Resources */ = {isa = PBXBuildFile; fileRef = BF06279A2548559A00D6F752 /* LaunchScreen.storyboard */; };
		BF0627A825485EE100D6F752 /* MapView.swift in Sources */ = {isa = PBXBuildFile; fileRef = BF0627A725485EE100D6F752 /* MapView.swift */; };
		BF8492C72549B46F00387A46 /* MKPointAnnotation-ObservableObject.swift in Sources */ = {isa = PBXBuildFile; fileRef = BF8492C62549B46F00387A46 /* MKPointAnnotation-ObservableObject.swift */; };
		BF8492CA2549B60900387A46 /* EditView.swift in Sources */ = {isa = PBXBuildFile; fileRef = BF8492C92549B60900387A46 /* EditView.swift */; };
		BF8492CD2549B91F00387A46 /* Result.swift in Sources */ = {isa = PBXBuildFile; fileRef = BF8492CC2549B91F00387A46 /* Result.swift */; };
		BF8492D02549C1C600387A46 /* MKPointAnnotation-Codable.swift in Sources */ = {isa = PBXBuildFile; fileRef = BF8492CF2549C1C600387A46 /* MKPointAnnotation-Codable.swift */; };
		BF8492D32549C80A00387A46 /* MainView.swift in Sources */ = {isa = PBXBuildFile; fileRef = BF8492D22549C80A00387A46 /* MainView.swift */; };
/* End PBXBuildFile section */

/* Begin PBXFileReference section */
		BF06278C2548559800D6F752 /* BucketList.app */ = {isa = PBXFileReference; explicitFileType = wrapper.application; includeInIndex = 0; path = BucketList.app; sourceTree = BUILT_PRODUCTS_DIR; };
		BF06278F2548559800D6F752 /* AppDelegate.swift */ = {isa = PBXFileReference; lastKnownFileType = sourcecode.swift; path = AppDelegate.swift; sourceTree = "<group>"; };
		BF0627912548559800D6F752 /* SceneDelegate.swift */ = {isa = PBXFileReference; lastKnownFileType = sourcecode.swift; path = SceneDelegate.swift; sourceTree = "<group>"; };
		BF0627932548559800D6F752 /* ContentView.swift */ = {isa = PBXFileReference; lastKnownFileType = sourcecode.swift; path = ContentView.swift; sourceTree = "<group>"; };
		BF0627952548559A00D6F752 /* Assets.xcassets */ = {isa = PBXFileReference; lastKnownFileType = folder.assetcatalog; path = Assets.xcassets; sourceTree = "<group>"; };
		BF0627982548559A00D6F752 /* Preview Assets.xcassets */ = {isa = PBXFileReference; lastKnownFileType = folder.assetcatalog; path = "Preview Assets.xcassets"; sourceTree = "<group>"; };
		BF06279B2548559A00D6F752 /* Base */ = {isa = PBXFileReference; lastKnownFileType = file.storyboard; name = Base; path = Base.lproj/LaunchScreen.storyboard; sourceTree = "<group>"; };
		BF06279D2548559A00D6F752 /* Info.plist */ = {isa = PBXFileReference; lastKnownFileType = text.plist.xml; path = Info.plist; sourceTree = "<group>"; };
		BF0627A725485EE100D6F752 /* MapView.swift */ = {isa = PBXFileReference; lastKnownFileType = sourcecode.swift; path = MapView.swift; sourceTree = "<group>"; };
		BF8492C62549B46F00387A46 /* MKPointAnnotation-ObservableObject.swift */ = {isa = PBXFileReference; lastKnownFileType = sourcecode.swift; path = "MKPointAnnotation-ObservableObject.swift"; sourceTree = "<group>"; };
		BF8492C92549B60900387A46 /* EditView.swift */ = {isa = PBXFileReference; lastKnownFileType = sourcecode.swift; path = EditView.swift; sourceTree = "<group>"; };
		BF8492CC2549B91F00387A46 /* Result.swift */ = {isa = PBXFileReference; lastKnownFileType = sourcecode.swift; path = Result.swift; sourceTree = "<group>"; };
		BF8492CF2549C1C600387A46 /* MKPointAnnotation-Codable.swift */ = {isa = PBXFileReference; lastKnownFileType = sourcecode.swift; path = "MKPointAnnotation-Codable.swift"; sourceTree = "<group>"; };
		BF8492D22549C80A00387A46 /* MainView.swift */ = {isa = PBXFileReference; lastKnownFileType = sourcecode.swift; path = MainView.swift; sourceTree = "<group>"; };
/* End PBXFileReference section */

/* Begin PBXFrameworksBuildPhase section */
		BF0627892548559700D6F752 /* Frameworks */ = {
			isa = PBXFrameworksBuildPhase;
			buildActionMask = 2147483647;
			files = (
			);
			runOnlyForDeploymentPostprocessing = 0;
		};
/* End PBXFrameworksBuildPhase section */

/* Begin PBXGroup section */
		BF0627832548559700D6F752 = {
			isa = PBXGroup;
			children = (
				BF06278E2548559800D6F752 /* BucketList */,
				BF06278D2548559800D6F752 /* Products */,
			);
			sourceTree = "<group>";
		};
		BF06278D2548559800D6F752 /* Products */ = {
			isa = PBXGroup;
			children = (
				BF06278C2548559800D6F752 /* BucketList.app */,
			);
			name = Products;
			sourceTree = "<group>";
		};
		BF06278E2548559800D6F752 /* BucketList */ = {
			isa = PBXGroup;
			children = (
				BF06278F2548559800D6F752 /* AppDelegate.swift */,
				BF0627912548559800D6F752 /* SceneDelegate.swift */,
				BF0627932548559800D6F752 /* ContentView.swift */,
				BF8492D22549C80A00387A46 /* MainView.swift */,
				BF0627952548559A00D6F752 /* Assets.xcassets */,
				BF06279A2548559A00D6F752 /* LaunchScreen.storyboard */,
				BF06279D2548559A00D6F752 /* Info.plist */,
				BF0627972548559A00D6F752 /* Preview Content */,
				BF0627A725485EE100D6F752 /* MapView.swift */,
				BF8492C62549B46F00387A46 /* MKPointAnnotation-ObservableObject.swift */,
				BF8492C92549B60900387A46 /* EditView.swift */,
				BF8492CF2549C1C600387A46 /* MKPointAnnotation-Codable.swift */,
				BF8492CC2549B91F00387A46 /* Result.swift */,
			);
			path = BucketList;
			sourceTree = "<group>";
		};
		BF0627972548559A00D6F752 /* Preview Content */ = {
			isa = PBXGroup;
			children = (
				BF0627982548559A00D6F752 /* Preview Assets.xcassets */,
			);
			path = "Preview Content";
			sourceTree = "<group>";
		};
/* End PBXGroup section */

/* Begin PBXNativeTarget section */
		BF06278B2548559700D6F752 /* BucketList */ = {
			isa = PBXNativeTarget;
			buildConfigurationList = BF0627A02548559A00D6F752 /* Build configuration list for PBXNativeTarget "BucketList" */;
			buildPhases = (
				BF0627882548559700D6F752 /* Sources */,
				BF0627892548559700D6F752 /* Frameworks */,
				BF06278A2548559700D6F752 /* Resources */,
			);
			buildRules = (
			);
			dependencies = (
			);
			name = BucketList;
			productName = BucketList;
			productReference = BF06278C2548559800D6F752 /* BucketList.app */;
			productType = "com.apple.product-type.application";
		};
/* End PBXNativeTarget section */

/* Begin PBXProject section */
		BF0627842548559700D6F752 /* Project object */ = {
			isa = PBXProject;
			attributes = {
				LastSwiftUpdateCheck = 1200;
				LastUpgradeCheck = 1200;
				TargetAttributes = {
					BF06278B2548559700D6F752 = {
						CreatedOnToolsVersion = 12.0.1;
					};
				};
			};
			buildConfigurationList = BF0627872548559700D6F752 /* Build configuration list for PBXProject "BucketList" */;
			compatibilityVersion = "Xcode 9.3";
			developmentRegion = en;
			hasScannedForEncodings = 0;
			knownRegions = (
				en,
				Base,
			);
			mainGroup = BF0627832548559700D6F752;
			productRefGroup = BF06278D2548559800D6F752 /* Products */;
			projectDirPath = "";
			projectRoot = "";
			targets = (
				BF06278B2548559700D6F752 /* BucketList */,
			);
		};
/* End PBXProject section */

/* Begin PBXResourcesBuildPhase section */
		BF06278A2548559700D6F752 /* Resources */ = {
			isa = PBXResourcesBuildPhase;
			buildActionMask = 2147483647;
			files = (
				BF06279C2548559A00D6F752 /* LaunchScreen.storyboard in Resources */,
				BF0627992548559A00D6F752 /* Preview Assets.xcassets in Resources */,
				BF0627962548559A00D6F752 /* Assets.xcassets in Resources */,
			);
			runOnlyForDeploymentPostprocessing = 0;
		};
/* End PBXResourcesBuildPhase section */

/* Begin PBXSourcesBuildPhase section */
		BF0627882548559700D6F752 /* Sources */ = {
			isa = PBXSourcesBuildPhase;
			buildActionMask = 2147483647;
			files = (
				BF0627902548559800D6F752 /* AppDelegate.swift in Sources */,
				BF8492D32549C80A00387A46 /* MainView.swift in Sources */,
				BF0627A825485EE100D6F752 /* MapView.swift in Sources */,
				BF8492CA2549B60900387A46 /* EditView.swift in Sources */,
				BF0627922548559800D6F752 /* SceneDelegate.swift in Sources */,
				BF8492CD2549B91F00387A46 /* Result.swift in Sources */,
				BF8492C72549B46F00387A46 /* MKPointAnnotation-ObservableObject.swift in Sources */,
				BF8492D02549C1C600387A46 /* MKPointAnnotation-Codable.swift in Sources */,
				BF0627942548559800D6F752 /* ContentView.swift in Sources */,
			);
			runOnlyForDeploymentPostprocessing = 0;
		};
/* End PBXSourcesBuildPhase section */

/* Begin PBXVariantGroup section */
		BF06279A2548559A00D6F752 /* LaunchScreen.storyboard */ = {
			isa = PBXVariantGroup;
			children = (
				BF06279B2548559A00D6F752 /* Base */,
			);
			name = LaunchScreen.storyboard;
			sourceTree = "<group>";
		};
/* End PBXVariantGroup section */

/* Begin XCBuildConfiguration section */
		BF06279E2548559A00D6F752 /* Debug */ = {
			isa = XCBuildConfiguration;
			buildSettings = {
				ALWAYS_SEARCH_USER_PATHS = NO;
				CLANG_ANALYZER_NONNULL = YES;
				CLANG_ANALYZER_NUMBER_OBJECT_CONVERSION = YES_AGGRESSIVE;
				CLANG_CXX_LANGUAGE_STANDARD = "gnu++14";
				CLANG_CXX_LIBRARY = "libc++";
				CLANG_ENABLE_MODULES = YES;
				CLANG_ENABLE_OBJC_ARC = YES;
				CLANG_ENABLE_OBJC_WEAK = YES;
				CLANG_WARN_BLOCK_CAPTURE_AUTORELEASING = YES;
				CLANG_WARN_BOOL_CONVERSION = YES;
				CLANG_WARN_COMMA = YES;
				CLANG_WARN_CONSTANT_CONVERSION = YES;
				CLANG_WARN_DEPRECATED_OBJC_IMPLEMENTATIONS = YES;
				CLANG_WARN_DIRECT_OBJC_ISA_USAGE = YES_ERROR;
				CLANG_WARN_DOCUMENTATION_COMMENTS = YES;
				CLANG_WARN_EMPTY_BODY = YES;
				CLANG_WARN_ENUM_CONVERSION = YES;
				CLANG_WARN_INFINITE_RECURSION = YES;
				CLANG_WARN_INT_CONVERSION = YES;
				CLANG_WARN_NON_LITERAL_NULL_CONVERSION = YES;
				CLANG_WARN_OBJC_IMPLICIT_RETAIN_SELF = YES;
				CLANG_WARN_OBJC_LITERAL_CONVERSION = YES;
				CLANG_WARN_OBJC_ROOT_CLASS = YES_ERROR;
				CLANG_WARN_QUOTED_INCLUDE_IN_FRAMEWORK_HEADER = YES;
				CLANG_WARN_RANGE_LOOP_ANALYSIS = YES;
				CLANG_WARN_STRICT_PROTOTYPES = YES;
				CLANG_WARN_SUSPICIOUS_MOVE = YES;
				CLANG_WARN_UNGUARDED_AVAILABILITY = YES_AGGRESSIVE;
				CLANG_WARN_UNREACHABLE_CODE = YES;
				CLANG_WARN__DUPLICATE_METHOD_MATCH = YES;
				COPY_PHASE_STRIP = NO;
				DEBUG_INFORMATION_FORMAT = dwarf;
				ENABLE_STRICT_OBJC_MSGSEND = YES;
				ENABLE_TESTABILITY = YES;
				GCC_C_LANGUAGE_STANDARD = gnu11;
				GCC_DYNAMIC_NO_PIC = NO;
				GCC_NO_COMMON_BLOCKS = YES;
				GCC_OPTIMIZATION_LEVEL = 0;
				GCC_PREPROCESSOR_DEFINITIONS = (
					"DEBUG=1",
					"$(inherited)",
				);
				GCC_WARN_64_TO_32_BIT_CONVERSION = YES;
				GCC_WARN_ABOUT_RETURN_TYPE = YES_ERROR;
				GCC_WARN_UNDECLARED_SELECTOR = YES;
				GCC_WARN_UNINITIALIZED_AUTOS = YES_AGGRESSIVE;
				GCC_WARN_UNUSED_FUNCTION = YES;
				GCC_WARN_UNUSED_VARIABLE = YES;
				IPHONEOS_DEPLOYMENT_TARGET = 13.0;
				MTL_ENABLE_DEBUG_INFO = INCLUDE_SOURCE;
				MTL_FAST_MATH = YES;
				ONLY_ACTIVE_ARCH = YES;
				SDKROOT = iphoneos;
				SWIFT_ACTIVE_COMPILATION_CONDITIONS = DEBUG;
				SWIFT_OPTIMIZATION_LEVEL = "-Onone";
			};
			name = Debug;
		};
		BF06279F2548559A00D6F752 /* Release */ = {
			isa = XCBuildConfiguration;
			buildSettings = {
				ALWAYS_SEARCH_USER_PATHS = NO;
				CLANG_ANALYZER_NONNULL = YES;
				CLANG_ANALYZER_NUMBER_OBJECT_CONVERSION = YES_AGGRESSIVE;
				CLANG_CXX_LANGUAGE_STANDARD = "gnu++14";
				CLANG_CXX_LIBRARY = "libc++";
				CLANG_ENABLE_MODULES = YES;
				CLANG_ENABLE_OBJC_ARC = YES;
				CLANG_ENABLE_OBJC_WEAK = YES;
				CLANG_WARN_BLOCK_CAPTURE_AUTORELEASING = YES;
				CLANG_WARN_BOOL_CONVERSION = YES;
				CLANG_WARN_COMMA = YES;
				CLANG_WARN_CONSTANT_CONVERSION = YES;
				CLANG_WARN_DEPRECATED_OBJC_IMPLEMENTATIONS = YES;
				CLANG_WARN_DIRECT_OBJC_ISA_USAGE = YES_ERROR;
				CLANG_WARN_DOCUMENTATION_COMMENTS = YES;
				CLANG_WARN_EMPTY_BODY = YES;
				CLANG_WARN_ENUM_CONVERSION = YES;
				CLANG_WARN_INFINITE_RECURSION = YES;
				CLANG_WARN_INT_CONVERSION = YES;
				CLANG_WARN_NON_LITERAL_NULL_CONVERSION = YES;
				CLANG_WARN_OBJC_IMPLICIT_RETAIN_SELF = YES;
				CLANG_WARN_OBJC_LITERAL_CONVERSION = YES;
				CLANG_WARN_OBJC_ROOT_CLASS = YES_ERROR;
				CLANG_WARN_QUOTED_INCLUDE_IN_FRAMEWORK_HEADER = YES;
				CLANG_WARN_RANGE_LOOP_ANALYSIS = YES;
				CLANG_WARN_STRICT_PROTOTYPES = YES;
				CLANG_WARN_SUSPICIOUS_MOVE = YES;
				CLANG_WARN_UNGUARDED_AVAILABILITY = YES_AGGRESSIVE;
				CLANG_WARN_UNREACHABLE_CODE = YES;
				CLANG_WARN__DUPLICATE_METHOD_MATCH = YES;
				COPY_PHASE_STRIP = NO;
				DEBUG_INFORMATION_FORMAT = "dwarf-with-dsym";
				ENABLE_NS_ASSERTIONS = NO;
				ENABLE_STRICT_OBJC_MSGSEND = YES;
				GCC_C_LANGUAGE_STANDARD = gnu11;
				GCC_NO_COMMON_BLOCKS = YES;
				GCC_WARN_64_TO_32_BIT_CONVERSION = YES;
				GCC_WARN_ABOUT_RETURN_TYPE = YES_ERROR;
				GCC_WARN_UNDECLARED_SELECTOR = YES;
				GCC_WARN_UNINITIALIZED_AUTOS = YES_AGGRESSIVE;
				GCC_WARN_UNUSED_FUNCTION = YES;
				GCC_WARN_UNUSED_VARIABLE = YES;
				IPHONEOS_DEPLOYMENT_TARGET = 13.0;
				MTL_ENABLE_DEBUG_INFO = NO;
				MTL_FAST_MATH = YES;
				SDKROOT = iphoneos;
				SWIFT_COMPILATION_MODE = wholemodule;
				SWIFT_OPTIMIZATION_LEVEL = "-O";
				VALIDATE_PRODUCT = YES;
			};
			name = Release;
		};
		BF0627A12548559A00D6F752 /* Debug */ = {
			isa = XCBuildConfiguration;
			buildSettings = {
				ASSETCATALOG_COMPILER_APPICON_NAME = AppIcon;
				ASSETCATALOG_COMPILER_GLOBAL_ACCENT_COLOR_NAME = AccentColor;
				CODE_SIGN_STYLE = Automatic;
				DEVELOPMENT_ASSET_PATHS = "\"BucketList/Preview Content\"";
				DEVELOPMENT_TEAM = 4R6Y4UGP6H;
				ENABLE_PREVIEWS = YES;
				INFOPLIST_FILE = BucketList/Info.plist;
				LD_RUNPATH_SEARCH_PATHS = (
					"$(inherited)",
					"@executable_path/Frameworks",
				);
				PRODUCT_BUNDLE_IDENTIFIER = me.calicchia.cristiano.BucketList;
				PRODUCT_NAME = "$(TARGET_NAME)";
				SWIFT_VERSION = 5.0;
				TARGETED_DEVICE_FAMILY = "1,2";
			};
			name = Debug;
		};
		BF0627A22548559A00D6F752 /* Release */ = {
			isa = XCBuildConfiguration;
			buildSettings = {
				ASSETCATALOG_COMPILER_APPICON_NAME = AppIcon;
				ASSETCATALOG_COMPILER_GLOBAL_ACCENT_COLOR_NAME = AccentColor;
				CODE_SIGN_STYLE = Automatic;
				DEVELOPMENT_ASSET_PATHS = "\"BucketList/Preview Content\"";
				DEVELOPMENT_TEAM = 4R6Y4UGP6H;
				ENABLE_PREVIEWS = YES;
				INFOPLIST_FILE = BucketList/Info.plist;
				LD_RUNPATH_SEARCH_PATHS = (
					"$(inherited)",
					"@executable_path/Frameworks",
				);
				PRODUCT_BUNDLE_IDENTIFIER = me.calicchia.cristiano.BucketList;
				PRODUCT_NAME = "$(TARGET_NAME)";
				SWIFT_VERSION = 5.0;
				TARGETED_DEVICE_FAMILY = "1,2";
			};
			name = Release;
		};
/* End XCBuildConfiguration section */

/* Begin XCConfigurationList section */
		BF0627872548559700D6F752 /* Build configuration list for PBXProject "BucketList" */ = {
			isa = XCConfigurationList;
			buildConfigurations = (
				BF06279E2548559A00D6F752 /* Debug */,
				BF06279F2548559A00D6F752 /* Release */,
			);
			defaultConfigurationIsVisible = 0;
			defaultConfigurationName = Release;
		};
		BF0627A02548559A00D6F752 /* Build configuration list for PBXNativeTarget "BucketList" */ = {
			isa = XCConfigurationList;
			buildConfigurations = (
				BF0627A12548559A00D6F752 /* Debug */,
				BF0627A22548559A00D6F752 /* Release */,
			);
			defaultConfigurationIsVisible = 0;
			defaultConfigurationName = Release;
		};
/* End XCConfigurationList section */
	};
	rootObject = BF0627842548559700D6F752 /* Project object */;
}
