// !$*UTF8*$!
{
	archiveVersion = 1;
	classes = {
	};
	objectVersion = 50;
	objects = {

/* Begin PBXBuildFile section */
		4E291FB4250D28E900CEA962 /* Word.swift in Sources */ = {isa = PBXBuildFile; fileRef = 4E291FB3250D28E900CEA962 /* Word.swift */; };
		4EE773AA24FF9E7700BFBF4A /* AppDelegate.swift in Sources */ = {isa = PBXBuildFile; fileRef = 4EE773A924FF9E7700BFBF4A /* AppDelegate.swift */; };
		4EE773AC24FF9E7700BFBF4A /* SceneDelegate.swift in Sources */ = {isa = PBXBuildFile; fileRef = 4EE773AB24FF9E7700BFBF4A /* SceneDelegate.swift */; };
		4EE773AE24FF9E7700BFBF4A /* ViewController.swift in Sources */ = {isa = PBXBuildFile; fileRef = 4EE773AD24FF9E7700BFBF4A /* ViewController.swift */; };
		4EE773B124FF9E7700BFBF4A /* Main.storyboard in Resources */ = {isa = PBXBuildFile; fileRef = 4EE773AF24FF9E7700BFBF4A /* Main.storyboard */; };
		4EE773B324FF9E7800BFBF4A /* Assets.xcassets in Resources */ = {isa = PBXBuildFile; fileRef = 4EE773B224FF9E7800BFBF4A /* Assets.xcassets */; };
		4EE773B624FF9E7800BFBF4A /* LaunchScreen.storyboard in Resources */ = {isa = PBXBuildFile; fileRef = 4EE773B424FF9E7800BFBF4A /* LaunchScreen.storyboard */; };
		4EE773BE24FFA16100BFBF4A /* start.txt in Resources */ = {isa = PBXBuildFile; fileRef = 4EE773BD24FFA16100BFBF4A /* start.txt */; };
/* End PBXBuildFile section */

/* Begin PBXFileReference section */
		4E291FB3250D28E900CEA962 /* Word.swift */ = {isa = PBXFileReference; lastKnownFileType = sourcecode.swift; path = Word.swift; sourceTree = "<group>"; };
		4EE773A624FF9E7700BFBF4A /* Project5.app */ = {isa = PBXFileReference; explicitFileType = wrapper.application; includeInIndex = 0; path = Project5.app; sourceTree = BUILT_PRODUCTS_DIR; };
		4EE773A924FF9E7700BFBF4A /* AppDelegate.swift */ = {isa = PBXFileReference; lastKnownFileType = sourcecode.swift; path = AppDelegate.swift; sourceTree = "<group>"; };
		4EE773AB24FF9E7700BFBF4A /* SceneDelegate.swift */ = {isa = PBXFileReference; lastKnownFileType = sourcecode.swift; path = SceneDelegate.swift; sourceTree = "<group>"; };
		4EE773AD24FF9E7700BFBF4A /* ViewController.swift */ = {isa = PBXFileReference; lastKnownFileType = sourcecode.swift; path = ViewController.swift; sourceTree = "<group>"; };
		4EE773B024FF9E7700BFBF4A /* Base */ = {isa = PBXFileReference; lastKnownFileType = file.storyboard; name = Base; path = Base.lproj/Main.storyboard; sourceTree = "<group>"; };
		4EE773B224FF9E7800BFBF4A /* Assets.xcassets */ = {isa = PBXFileReference; lastKnownFileType = folder.assetcatalog; path = Assets.xcassets; sourceTree = "<group>"; };
		4EE773B524FF9E7800BFBF4A /* Base */ = {isa = PBXFileReference; lastKnownFileType = file.storyboard; name = Base; path = Base.lproj/LaunchScreen.storyboard; sourceTree = "<group>"; };
		4EE773B724FF9E7800BFBF4A /* Info.plist */ = {isa = PBXFileReference; lastKnownFileType = text.plist.xml; path = Info.plist; sourceTree = "<group>"; };
		4EE773BD24FFA16100BFBF4A /* start.txt */ = {isa = PBXFileReference; fileEncoding = 4; lastKnownFileType = text; path = start.txt; sourceTree = "<group>"; };
/* End PBXFileReference section */

/* Begin PBXFrameworksBuildPhase section */
		4EE773A324FF9E7700BFBF4A /* Frameworks */ = {
			isa = PBXFrameworksBuildPhase;
			buildActionMask = 2147483647;
			files = (
			);
			runOnlyForDeploymentPostprocessing = 0;
		};
/* End PBXFrameworksBuildPhase section */

/* Begin PBXGroup section */
		4EE7739D24FF9E7700BFBF4A = {
			isa = PBXGroup;
			children = (
				4EE773A824FF9E7700BFBF4A /* Project5 */,
				4EE773A724FF9E7700BFBF4A /* Products */,
			);
			sourceTree = "<group>";
		};
		4EE773A724FF9E7700BFBF4A /* Products */ = {
			isa = PBXGroup;
			children = (
				4EE773A624FF9E7700BFBF4A /* Project5.app */,
			);
			name = Products;
			sourceTree = "<group>";
		};
		4EE773A824FF9E7700BFBF4A /* Project5 */ = {
			isa = PBXGroup;
			children = (
				4EE773A924FF9E7700BFBF4A /* AppDelegate.swift */,
				4EE773AB24FF9E7700BFBF4A /* SceneDelegate.swift */,
				4EE773AD24FF9E7700BFBF4A /* ViewController.swift */,
				4EE773AF24FF9E7700BFBF4A /* Main.storyboard */,
				4EE773B224FF9E7800BFBF4A /* Assets.xcassets */,
				4EE773B424FF9E7800BFBF4A /* LaunchScreen.storyboard */,
				4EE773B724FF9E7800BFBF4A /* Info.plist */,
				4EE773BD24FFA16100BFBF4A /* start.txt */,
				4E291FB3250D28E900CEA962 /* Word.swift */,
			);
			path = Project5;
			sourceTree = "<group>";
		};
/* End PBXGroup section */

/* Begin PBXNativeTarget section */
		4EE773A524FF9E7700BFBF4A /* Project5 */ = {
			isa = PBXNativeTarget;
			buildConfigurationList = 4EE773BA24FF9E7800BFBF4A /* Build configuration list for PBXNativeTarget "Project5" */;
			buildPhases = (
				4EE773A224FF9E7700BFBF4A /* Sources */,
				4EE773A324FF9E7700BFBF4A /* Frameworks */,
				4EE773A424FF9E7700BFBF4A /* Resources */,
			);
			buildRules = (
			);
			dependencies = (
			);
			name = Project5;
			productName = "Project 5";
			productReference = 4EE773A624FF9E7700BFBF4A /* Project5.app */;
			productType = "com.apple.product-type.application";
		};
/* End PBXNativeTarget section */

/* Begin PBXProject section */
		4EE7739E24FF9E7700BFBF4A /* Project object */ = {
			isa = PBXProject;
			attributes = {
				LastSwiftUpdateCheck = 1160;
				LastUpgradeCheck = 1160;
				ORGANIZATIONNAME = "Cristiano Calicchia";
				TargetAttributes = {
					4EE773A524FF9E7700BFBF4A = {
						CreatedOnToolsVersion = 11.6;
					};
				};
			};
			buildConfigurationList = 4EE773A124FF9E7700BFBF4A /* Build configuration list for PBXProject "Project5" */;
			compatibilityVersion = "Xcode 9.3";
			developmentRegion = en;
			hasScannedForEncodings = 0;
			knownRegions = (
				en,
				Base,
			);
			mainGroup = 4EE7739D24FF9E7700BFBF4A;
			productRefGroup = 4EE773A724FF9E7700BFBF4A /* Products */;
			projectDirPath = "";
			projectRoot = "";
			targets = (
				4EE773A524FF9E7700BFBF4A /* Project5 */,
			);
		};
/* End PBXProject section */

/* Begin PBXResourcesBuildPhase section */
		4EE773A424FF9E7700BFBF4A /* Resources */ = {
			isa = PBXResourcesBuildPhase;
			buildActionMask = 2147483647;
			files = (
				4EE773B624FF9E7800BFBF4A /* LaunchScreen.storyboard in Resources */,
				4EE773BE24FFA16100BFBF4A /* start.txt in Resources */,
				4EE773B324FF9E7800BFBF4A /* Assets.xcassets in Resources */,
				4EE773B124FF9E7700BFBF4A /* Main.storyboard in Resources */,
			);
			runOnlyForDeploymentPostprocessing = 0;
		};
/* End PBXResourcesBuildPhase section */

/* Begin PBXSourcesBuildPhase section */
		4EE773A224FF9E7700BFBF4A /* Sources */ = {
			isa = PBXSourcesBuildPhase;
			buildActionMask = 2147483647;
			files = (
				4EE773AE24FF9E7700BFBF4A /* ViewController.swift in Sources */,
				4E291FB4250D28E900CEA962 /* Word.swift in Sources */,
				4EE773AA24FF9E7700BFBF4A /* AppDelegate.swift in Sources */,
				4EE773AC24FF9E7700BFBF4A /* SceneDelegate.swift in Sources */,
			);
			runOnlyForDeploymentPostprocessing = 0;
		};
/* End PBXSourcesBuildPhase section */

/* Begin PBXVariantGroup section */
		4EE773AF24FF9E7700BFBF4A /* Main.storyboard */ = {
			isa = PBXVariantGroup;
			children = (
				4EE773B024FF9E7700BFBF4A /* Base */,
			);
			name = Main.storyboard;
			sourceTree = "<group>";
		};
		4EE773B424FF9E7800BFBF4A /* LaunchScreen.storyboard */ = {
			isa = PBXVariantGroup;
			children = (
				4EE773B524FF9E7800BFBF4A /* Base */,
			);
			name = LaunchScreen.storyboard;
			sourceTree = "<group>";
		};
/* End PBXVariantGroup section */

/* Begin XCBuildConfiguration section */
		4EE773B824FF9E7800BFBF4A /* Debug */ = {
			isa = XCBuildConfiguration;
			buildSettings = {
				ALWAYS_SEARCH_USER_PATHS = NO;
				CLANG_ANALYZER_NONNULL = YES;
				CLANG_ANALYZER_NUMBER_OBJECT_CONVERSION = YES_AGGRESSIVE;
				CLANG_CXX_LANGUAGE_STANDARD = "gnu++14";
				CLANG_CXX_LIBRARY = "libc++";
				CLANG_ENABLE_MODULES = YES;
				CLANG_ENABLE_OBJC_ARC = YES;
				CLANG_ENABLE_OBJC_WEAK = YES;
				CLANG_WARN_BLOCK_CAPTURE_AUTORELEASING = YES;
				CLANG_WARN_BOOL_CONVERSION = YES;
				CLANG_WARN_COMMA = YES;
				CLANG_WARN_CONSTANT_CONVERSION = YES;
				CLANG_WARN_DEPRECATED_OBJC_IMPLEMENTATIONS = YES;
				CLANG_WARN_DIRECT_OBJC_ISA_USAGE = YES_ERROR;
				CLANG_WARN_DOCUMENTATION_COMMENTS = YES;
				CLANG_WARN_EMPTY_BODY = YES;
				CLANG_WARN_ENUM_CONVERSION = YES;
				CLANG_WARN_INFINITE_RECURSION = YES;
				CLANG_WARN_INT_CONVERSION = YES;
				CLANG_WARN_NON_LITERAL_NULL_CONVERSION = YES;
				CLANG_WARN_OBJC_IMPLICIT_RETAIN_SELF = YES;
				CLANG_WARN_OBJC_LITERAL_CONVERSION = YES;
				CLANG_WARN_OBJC_ROOT_CLASS = YES_ERROR;
				CLANG_WARN_RANGE_LOOP_ANALYSIS = YES;
				CLANG_WARN_STRICT_PROTOTYPES = YES;
				CLANG_WARN_SUSPICIOUS_MOVE = YES;
				CLANG_WARN_UNGUARDED_AVAILABILITY = YES_AGGRESSIVE;
				CLANG_WARN_UNREACHABLE_CODE = YES;
				CLANG_WARN__DUPLICATE_METHOD_MATCH = YES;
				COPY_PHASE_STRIP = NO;
				DEBUG_INFORMATION_FORMAT = dwarf;
				ENABLE_STRICT_OBJC_MSGSEND = YES;
				ENABLE_TESTABILITY = YES;
				GCC_C_LANGUAGE_STANDARD = gnu11;
				GCC_DYNAMIC_NO_PIC = NO;
				GCC_NO_COMMON_BLOCKS = YES;
				GCC_OPTIMIZATION_LEVEL = 0;
				GCC_PREPROCESSOR_DEFINITIONS = (
					"DEBUG=1",
					"$(inherited)",
				);
				GCC_WARN_64_TO_32_BIT_CONVERSION = YES;
				GCC_WARN_ABOUT_RETURN_TYPE = YES_ERROR;
				GCC_WARN_UNDECLARED_SELECTOR = YES;
				GCC_WARN_UNINITIALIZED_AUTOS = YES_AGGRESSIVE;
				GCC_WARN_UNUSED_FUNCTION = YES;
				GCC_WARN_UNUSED_VARIABLE = YES;
				IPHONEOS_DEPLOYMENT_TARGET = 13.6;
				MTL_ENABLE_DEBUG_INFO = INCLUDE_SOURCE;
				MTL_FAST_MATH = YES;
				ONLY_ACTIVE_ARCH = YES;
				SDKROOT = iphoneos;
				SWIFT_ACTIVE_COMPILATION_CONDITIONS = DEBUG;
				SWIFT_OPTIMIZATION_LEVEL = "-Onone";
			};
			name = Debug;
		};
		4EE773B924FF9E7800BFBF4A /* Release */ = {
			isa = XCBuildConfiguration;
			buildSettings = {
				ALWAYS_SEARCH_USER_PATHS = NO;
				CLANG_ANALYZER_NONNULL = YES;
				CLANG_ANALYZER_NUMBER_OBJECT_CONVERSION = YES_AGGRESSIVE;
				CLANG_CXX_LANGUAGE_STANDARD = "gnu++14";
				CLANG_CXX_LIBRARY = "libc++";
				CLANG_ENABLE_MODULES = YES;
				CLANG_ENABLE_OBJC_ARC = YES;
				CLANG_ENABLE_OBJC_WEAK = YES;
				CLANG_WARN_BLOCK_CAPTURE_AUTORELEASING = YES;
				CLANG_WARN_BOOL_CONVERSION = YES;
				CLANG_WARN_COMMA = YES;
				CLANG_WARN_CONSTANT_CONVERSION = YES;
				CLANG_WARN_DEPRECATED_OBJC_IMPLEMENTATIONS = YES;
				CLANG_WARN_DIRECT_OBJC_ISA_USAGE = YES_ERROR;
				CLANG_WARN_DOCUMENTATION_COMMENTS = YES;
				CLANG_WARN_EMPTY_BODY = YES;
				CLANG_WARN_ENUM_CONVERSION = YES;
				CLANG_WARN_INFINITE_RECURSION = YES;
				CLANG_WARN_INT_CONVERSION = YES;
				CLANG_WARN_NON_LITERAL_NULL_CONVERSION = YES;
				CLANG_WARN_OBJC_IMPLICIT_RETAIN_SELF = YES;
				CLANG_WARN_OBJC_LITERAL_CONVERSION = YES;
				CLANG_WARN_OBJC_ROOT_CLASS = YES_ERROR;
				CLANG_WARN_RANGE_LOOP_ANALYSIS = YES;
				CLANG_WARN_STRICT_PROTOTYPES = YES;
				CLANG_WARN_SUSPICIOUS_MOVE = YES;
				CLANG_WARN_UNGUARDED_AVAILABILITY = YES_AGGRESSIVE;
				CLANG_WARN_UNREACHABLE_CODE = YES;
				CLANG_WARN__DUPLICATE_METHOD_MATCH = YES;
				COPY_PHASE_STRIP = NO;
				DEBUG_INFORMATION_FORMAT = "dwarf-with-dsym";
				ENABLE_NS_ASSERTIONS = NO;
				ENABLE_STRICT_OBJC_MSGSEND = YES;
				GCC_C_LANGUAGE_STANDARD = gnu11;
				GCC_NO_COMMON_BLOCKS = YES;
				GCC_WARN_64_TO_32_BIT_CONVERSION = YES;
				GCC_WARN_ABOUT_RETURN_TYPE = YES_ERROR;
				GCC_WARN_UNDECLARED_SELECTOR = YES;
				GCC_WARN_UNINITIALIZED_AUTOS = YES_AGGRESSIVE;
				GCC_WARN_UNUSED_FUNCTION = YES;
				GCC_WARN_UNUSED_VARIABLE = YES;
				IPHONEOS_DEPLOYMENT_TARGET = 13.6;
				MTL_ENABLE_DEBUG_INFO = NO;
				MTL_FAST_MATH = YES;
				SDKROOT = iphoneos;
				SWIFT_COMPILATION_MODE = wholemodule;
				SWIFT_OPTIMIZATION_LEVEL = "-O";
				VALIDATE_PRODUCT = YES;
			};
			name = Release;
		};
		4EE773BB24FF9E7800BFBF4A /* Debug */ = {
			isa = XCBuildConfiguration;
			buildSettings = {
				ASSETCATALOG_COMPILER_APPICON_NAME = AppIcon;
				CODE_SIGN_STYLE = Automatic;
				DEVELOPMENT_TEAM = 4R6Y4UGP6H;
				INFOPLIST_FILE = Project5/Info.plist;
				LD_RUNPATH_SEARCH_PATHS = (
					"$(inherited)",
					"@executable_path/Frameworks",
				);
				PRODUCT_BUNDLE_IDENTIFIER = com.example.Project5;
				PRODUCT_NAME = "$(TARGET_NAME)";
				SWIFT_VERSION = 5.0;
				TARGETED_DEVICE_FAMILY = "1,2";
			};
			name = Debug;
		};
		4EE773BC24FF9E7800BFBF4A /* Release */ = {
			isa = XCBuildConfiguration;
			buildSettings = {
				ASSETCATALOG_COMPILER_APPICON_NAME = AppIcon;
				CODE_SIGN_STYLE = Automatic;
				DEVELOPMENT_TEAM = 4R6Y4UGP6H;
				INFOPLIST_FILE = Project5/Info.plist;
				LD_RUNPATH_SEARCH_PATHS = (
					"$(inherited)",
					"@executable_path/Frameworks",
				);
				PRODUCT_BUNDLE_IDENTIFIER = com.example.Project5;
				PRODUCT_NAME = "$(TARGET_NAME)";
				SWIFT_VERSION = 5.0;
				TARGETED_DEVICE_FAMILY = "1,2";
			};
			name = Release;
		};
/* End XCBuildConfiguration section */

/* Begin XCConfigurationList section */
		4EE773A124FF9E7700BFBF4A /* Build configuration list for PBXProject "Project5" */ = {
			isa = XCConfigurationList;
			buildConfigurations = (
				4EE773B824FF9E7800BFBF4A /* Debug */,
				4EE773B924FF9E7800BFBF4A /* Release */,
			);
			defaultConfigurationIsVisible = 0;
			defaultConfigurationName = Release;
		};
		4EE773BA24FF9E7800BFBF4A /* Build configuration list for PBXNativeTarget "Project5" */ = {
			isa = XCConfigurationList;
			buildConfigurations = (
				4EE773BB24FF9E7800BFBF4A /* Debug */,
				4EE773BC24FF9E7800BFBF4A /* Release */,
			);
			defaultConfigurationIsVisible = 0;
			defaultConfigurationName = Release;
		};
/* End XCConfigurationList section */
	};
	rootObject = 4EE7739E24FF9E7700BFBF4A /* Project object */;
}
